
Microsoft Visual Studio Solution File, Format Version 12.00
# Visual Studio 15
VisualStudioVersion = 15.0.28307.421
MinimumVisualStudioVersion = 10.0.40219.1
Project("{FAE04EC0-301F-11D3-BF4B-00C04F79EFBC}") = "FootballPlayers", "FootballPlayers\FootballPlayers.csproj", "{4216264B-8613-477F-B0D9-5E33F4C35F8D}"
EndProject
Global
	GlobalSection(SolutionConfigurationPlatforms) = preSolution
		Debug|Any CPU = Debug|Any CPU
		Release|Any CPU = Release|Any CPU
	EndGlobalSection
	GlobalSection(ProjectConfigurationPlatforms) = postSolution
		{4216264B-8613-477F-B0D9-5E33F4C35F8D}.Debug|Any CPU.ActiveCfg = Debug|Any CPU
		{4216264B-8613-477F-B0D9-5E33F4C35F8D}.Debug|Any CPU.Build.0 = Debug|Any CPU
		{4216264B-8613-477F-B0D9-5E33F4C35F8D}.Release|Any CPU.ActiveCfg = Release|Any CPU
		{4216264B-8613-477F-B0D9-5E33F4C35F8D}.Release|Any CPU.Build.0 = Release|Any CPU
	EndGlobalSection
	GlobalSection(SolutionProperties) = preSolution
		HideSolutionNode = FALSE
	EndGlobalSection
	GlobalSection(ExtensibilityGlobals) = postSolution
		SolutionGuid = {C449E29A-27A2-43FA-B2A8-70C7E1CB2FA0}
	EndGlobalSection
EndGlobal
